
Microsoft Visual Studio Solution File, Format Version 12.00
# Visual Studio Version 17
VisualStudioVersion = 17.4.33213.308
MinimumVisualStudioVersion = 10.0.40219.1
Project("{FAE04EC0-301F-11D3-BF4B-00C04F79EFBC}") = "MongoDbTest", "MongoDbTest\MongoDbTest.csproj", "{29340D32-68AD-4087-8089-9ADDE1625B23}"
EndProject
Global
	GlobalSection(SolutionConfigurationPlatforms) = preSolution
		Debug|Any CPU = Debug|Any CPU
		Release|Any CPU = Release|Any CPU
	EndGlobalSection
	GlobalSection(ProjectConfigurationPlatforms) = postSolution
		{29340D32-68AD-4087-8089-9ADDE1625B23}.Debug|Any CPU.ActiveCfg = Debug|Any CPU
		{29340D32-68AD-4087-8089-9ADDE1625B23}.Debug|Any CPU.Build.0 = Debug|Any CPU
		{29340D32-68AD-4087-8089-9ADDE1625B23}.Release|Any CPU.ActiveCfg = Release|Any CPU
		{29340D32-68AD-4087-8089-9ADDE1625B23}.Release|Any CPU.Build.0 = Release|Any CPU
	EndGlobalSection
	GlobalSection(SolutionProperties) = preSolution
		HideSolutionNode = FALSE
	EndGlobalSection
	GlobalSection(ExtensibilityGlobals) = postSolution
		SolutionGuid = {FD8969AA-2545-4B8E-A3EC-A6B69C90358D}
	EndGlobalSection
EndGlobal
